# This file is autogenerated, do not edit; changes may be undone by the next 'dep ensure'.


[[projects]]
  name = "github.com/Sirupsen/logrus"
  packages = ["."]
  revision = "f006c2ac4710855cf0f916dd6b77acf6b048dc6e"
  version = "v1.0.3"

[[projects]]
  branch = "master"
  name = "github.com/beorn7/perks"
  packages = ["quantile"]
  revision = "4c0e84591b9aa9e6dcfdf3e020114cd81f89d5f9"

[[projects]]
  branch = "master"
  name = "github.com/franela/goreq"
  packages = ["."]
  revision = "b5b0f5eb2d16f20345cce0a544a75163579c0b00"

[[projects]]
  branch = "master"
  name = "github.com/golang/protobuf"
  packages = ["proto"]
  revision = "11b8df160996e00fd4b55cbaafb3d84ec6d50fa8"

[[projects]]
  name = "github.com/gorilla/websocket"
  packages = ["."]
  revision = "ea4d1f681babbce9545c9c5f3d5194a789c89f5b"
  version = "v1.2.0"

[[projects]]
  name = "github.com/matttproud/golang_protobuf_extensions"
  packages = ["pbutil"]
  revision = "3247c84500bff8d9fb6d579d800f20b3e091582c"
  version = "v1.0.0"

[[projects]]
  name = "github.com/prometheus/client_golang"
  packages = ["prometheus","prometheus/promhttp"]
  revision = "c5b7fccd204277076155f10851dad72b76a49317"
  version = "v0.8.0"

[[projects]]
  branch = "master"
  name = "github.com/prometheus/client_model"
  packages = ["go"]
  revision = "6f3806018612930941127f2a7c6c453ba2c527d2"

[[projects]]
  branch = "master"
  name = "github.com/prometheus/common"
  packages = ["expfmt","internal/bitbucket.org/ww/goautoneg","model"]
  revision = "2f17f4a9d485bf34b4bfaccc273805040e4f86c8"

[[projects]]
  branch = "master"
  name = "github.com/prometheus/procfs"
  packages = [".","xfs"]
  revision = "e645f4e5aaa8506fc71d6edbc5c4ff02c04c46f2"

[[projects]]
  name = "github.com/satori/go.uuid"
  packages = ["."]
  revision = "879c5887cd475cd7864858769793b2ceb0d44feb"
  version = "v1.1.0"

[[projects]]
  name = "github.com/urfave/cli"
  packages = ["."]
  revision = "cfb38830724cc34fedffe9a2a29fb54fa9169cd1"
  version = "v1.20.0"

[[projects]]
  branch = "master"
  name = "golang.org/x/crypto"
  packages = ["curve25519","ed25519","ed25519/internal/edwards25519","ssh","ssh/terminal"]
  revision = "faadfbdc035307d901e69eea569f5dda451a3ee3"

[[projects]]
  branch = "master"
  name = "golang.org/x/sys"
  packages = ["unix","windows"]
  revision = "062cd7e4e68206d8bab9b18396626e855c992658"

[solve-meta]
  analyzer-name = "dep"
  analyzer-version = 1
  inputs-digest = "2a47384265e00454ef7f4aad67c9efff93c42b96e5d2a45f742879c2fc86aebb"
  solver-name = "gps-cdcl"
  solver-version = 1
